
Microsoft Visual Studio Solution File, Format Version 12.00
# Visual Studio Version 17
VisualStudioVersion = 17.8.34309.116
MinimumVisualStudioVersion = 10.0.40219.1
Project("{FAE04EC0-301F-11D3-BF4B-00C04F79EFBC}") = "FNAE2", "FNAE2\FNAE2.csproj", "{6B5B690E-050F-4989-8D72-7765A2C23BE1}"
EndProject
Global
	GlobalSection(SolutionConfigurationPlatforms) = preSolution
		Debug|Any CPU = Debug|Any CPU
		Release|Any CPU = Release|Any CPU
	EndGlobalSection
	GlobalSection(ProjectConfigurationPlatforms) = postSolution
		{6B5B690E-050F-4989-8D72-7765A2C23BE1}.Debug|Any CPU.ActiveCfg = Debug|Any CPU
		{6B5B690E-050F-4989-8D72-7765A2C23BE1}.Debug|Any CPU.Build.0 = Debug|Any CPU
		{6B5B690E-050F-4989-8D72-7765A2C23BE1}.Release|Any CPU.ActiveCfg = Release|Any CPU
		{6B5B690E-050F-4989-8D72-7765A2C23BE1}.Release|Any CPU.Build.0 = Release|Any CPU
	EndGlobalSection
	GlobalSection(SolutionProperties) = preSolution
		HideSolutionNode = FALSE
	EndGlobalSection
	GlobalSection(ExtensibilityGlobals) = postSolution
		SolutionGuid = {991BA13E-86B6-4D09-8797-E8F7CD018B64}
	EndGlobalSection
EndGlobal
